
Microsoft Visual Studio Solution File, Format Version 12.00
# Visual Studio Version 17
VisualStudioVersion = 17.11.35312.102
MinimumVisualStudioVersion = 10.0.40219.1
Project("{FAE04EC0-301F-11D3-BF4B-00C04F79EFBC}") = "ejercicioTelegrama", "ejercicioTelegrama\ejercicioTelegrama.csproj", "{3607B198-4D56-4DBB-BF8D-541DB5A223C4}"
EndProject
Global
	GlobalSection(SolutionConfigurationPlatforms) = preSolution
		Debug|Any CPU = Debug|Any CPU
		Release|Any CPU = Release|Any CPU
	EndGlobalSection
	GlobalSection(ProjectConfigurationPlatforms) = postSolution
		{3607B198-4D56-4DBB-BF8D-541DB5A223C4}.Debug|Any CPU.ActiveCfg = Debug|Any CPU
		{3607B198-4D56-4DBB-BF8D-541DB5A223C4}.Debug|Any CPU.Build.0 = Debug|Any CPU
		{3607B198-4D56-4DBB-BF8D-541DB5A223C4}.Release|Any CPU.ActiveCfg = Release|Any CPU
		{3607B198-4D56-4DBB-BF8D-541DB5A223C4}.Release|Any CPU.Build.0 = Release|Any CPU
	EndGlobalSection
	GlobalSection(SolutionProperties) = preSolution
		HideSolutionNode = FALSE
	EndGlobalSection
	GlobalSection(ExtensibilityGlobals) = postSolution
		SolutionGuid = {662E92A0-B81F-4925-962D-2FEB85DC2F80}
	EndGlobalSection
EndGlobal
